{
  "requires": true,
  "lockfileVersion": 1,
  "dependencies": {
    "dabi-images": {
      "version": "2.7.5",
      "resolved": "https://registry.npmjs.org/dabi-images/-/dabi-images-2.7.5.tgz",
      "integrity": "sha512-OHRHu6TERzl+UxN9+EOmR03dQqQR3V+5td5vmciJ1MwjKDSX4cLX/QVBCXad5Tsu8gV5Jdwz88qQqulcmp49bg==",
      "requires": {
        "node-fetch": "^2.6.0"
      }
    },
    "node-fetch": {
      "version": "2.6.1",
      "resolved": "https://registry.npmjs.org/node-fetch/-/node-fetch-2.6.1.tgz",
      "integrity": "sha512-V4aYg89jEoVRxRb2fJdAg8FHvI7cEyYdVAh94HH0UIK8oJxUfkjlDQN9RbMx+bEjP7+ggMiFRprSti032Oipxw=="
    }
  }
}
